{
  "name": "Darts_Tournament",
  "lockfileVersion": 3,
  "requires": true,
  "packages": {
    "": {
      "dependencies": {
        "@paypal/paypal-js": "^9.0.1",
        "@paypal/sdk-client": "^4.0.202"
      }
    },
    "node_modules/@krakenjs/beaver-logger": {
      "version": "5.8.0",
      "resolved": "https://registry.npmjs.org/@krakenjs/beaver-logger/-/beaver-logger-5.8.0.tgz",
      "integrity": "sha512-1ynTwXRX5Q219FmWj3rs/+AxFdoDX8w42jHvqCqhPhg66b3I9T7lejOvS82MMag3bwANS5FlgakPzoHdQPuiNw==",
      "dependencies": {
        "@krakenjs/belter": "^2.0.0",
        "@krakenjs/cross-domain-utils": "^3.0.0",
        "@krakenjs/zalgo-promise": "^2.0.0"
      }
    },
    "node_modules/@krakenjs/belter": {
      "version": "2.9.2",
      "resolved": "https://registry.npmjs.org/@krakenjs/belter/-/belter-2.9.2.tgz",
      "integrity": "sha512-0S6m/KBpmSPdtl4rKmymQWQTWcu3dp/qhvHYNfgtDHkv+T4h8FUkcLhJPSYZM4WjvOCnXX7jZKKFMvPK45r09w==",
      "license": "Apache-2.0",
      "dependencies": {
        "@krakenjs/cross-domain-safe-weakmap": "^2.0.2",
        "@krakenjs/cross-domain-utils": "^3.0.2",
        "@krakenjs/zalgo-promise": "^2.0.0"
      }
    },
    "node_modules/@krakenjs/cross-domain-safe-weakmap": {
      "version": "2.0.3",
      "resolved": "https://registry.npmjs.org/@krakenjs/cross-domain-safe-weakmap/-/cross-domain-safe-weakmap-2.0.3.tgz",
      "integrity": "sha512-WsGi6347ddZ9Y0HoBuTYCX2QTAHxYVaUs2T/0n8XJKXZOEJPnLWlW6eYAOgyyuUsYusWMAkYv00fvfxAlTU8/w==",
      "license": "Apache-2.0",
      "dependencies": {
        "@krakenjs/cross-domain-utils": "^3.0.2"
      }
    },
    "node_modules/@krakenjs/cross-domain-utils": {
      "version": "3.1.0",
      "resolved": "https://registry.npmjs.org/@krakenjs/cross-domain-utils/-/cross-domain-utils-3.1.0.tgz",
      "integrity": "sha512-if+mVTg56ZyLt8wn3ZbTw0IzNjbQvvj5X7lfcBlVfYdZ93TXgHa6Rt9nqdm1rZmvqb8Ct6L29Bp7SNC3xzLfUw==",
      "license": "Apache-2.0"
    },
    "node_modules/@krakenjs/jsx-pragmatic": {
      "version": "3.1.1",
      "resolved": "https://registry.npmjs.org/@krakenjs/jsx-pragmatic/-/jsx-pragmatic-3.1.1.tgz",
      "integrity": "sha512-XqxnF3SRtKnPTURDiCpS240T/Db/XtHpxfNnfwZDHtf6QhIU9w2bThLpomgeldn5BadH2Pos5dIaco4tebt2OA=="
    },
    "node_modules/@krakenjs/zalgo-promise": {
      "version": "2.0.1",
      "resolved": "https://registry.npmjs.org/@krakenjs/zalgo-promise/-/zalgo-promise-2.0.1.tgz",
      "integrity": "sha512-n30eknZjD7z8/joFqjI8FIDZ0yJPZHcQBce1B3tAumwNZL0C42Ta/w37MfthxHV61JHEFGfy7b727h/kzagJDA=="
    },
    "node_modules/@paypal/paypal-js": {
      "version": "9.0.1",
      "resolved": "https://registry.npmjs.org/@paypal/paypal-js/-/paypal-js-9.0.1.tgz",
      "integrity": "sha512-6A5hkyYBSuloO7rPwnoPoy/0PPNH0pZZ1TBSTuEaSVqJ9h9t13PiP1ZarffirsO/e5t4hKjUmUORjgKV9sTMLw==",
      "license": "Apache-2.0",
      "dependencies": {
        "promise-polyfill": "^8.3.0"
      }
    },
    "node_modules/@paypal/sdk-client": {
      "version": "4.0.202",
      "resolved": "https://registry.npmjs.org/@paypal/sdk-client/-/sdk-client-4.0.202.tgz",
      "integrity": "sha512-uIC6qbvZsjFqCJlPFV1LkkE5DgVC3xnsX9RZ8kU95DW+1eem7lPzTjBjNRHMHGIlwjRj0ObXtK9gyGz0Z9f+sg==",
      "license": "Apache-2.0",
      "dependencies": {
        "@krakenjs/beaver-logger": "^5.0.0",
        "@krakenjs/belter": "^2.0.0",
        "@krakenjs/cross-domain-utils": "^3.0.2",
        "@krakenjs/jsx-pragmatic": "^3.0.0",
        "@krakenjs/zalgo-promise": "^2.0.0",
        "@paypal/sdk-constants": "^1.0.148",
        "bowser": "^2.0.0"
      }
    },
    "node_modules/@paypal/sdk-constants": {
      "version": "1.0.157",
      "resolved": "https://registry.npmjs.org/@paypal/sdk-constants/-/sdk-constants-1.0.157.tgz",
      "integrity": "sha512-BjxWT9rK6dM1AOffSpvHYY47/8BY775jgEYYiwH6eL4YaqU5Epcw7zOtwQ8L4UaEn4FCAjZ2EWxaS83dCN7SpA==",
      "license": "Apache-2.0",
      "dependencies": {
        "hi-base32": "^0.5.0"
      }
    },
    "node_modules/bowser": {
      "version": "2.12.1",
      "resolved": "https://registry.npmjs.org/bowser/-/bowser-2.12.1.tgz",
      "integrity": "sha512-z4rE2Gxh7tvshQ4hluIT7XcFrgLIQaw9X3A+kTTRdovCz5PMukm/0QC/BKSYPj3omF5Qfypn9O/c5kgpmvYUCw==",
      "license": "MIT"
    },
    "node_modules/hi-base32": {
      "version": "0.5.1",
      "resolved": "https://registry.npmjs.org/hi-base32/-/hi-base32-0.5.1.tgz",
      "integrity": "sha512-EmBBpvdYh/4XxsnUybsPag6VikPYnN30td+vQk+GI3qpahVEG9+gTkG0aXVxTjBqQ5T6ijbWIu77O+C5WFWsnA==",
      "license": "MIT"
    },
    "node_modules/promise-polyfill": {
      "version": "8.3.0",
      "resolved": "https://registry.npmjs.org/promise-polyfill/-/promise-polyfill-8.3.0.tgz",
      "integrity": "sha512-H5oELycFml5yto/atYqmjyigJoAo3+OXwolYiH7OfQuYlAqhxNvTfiNMbV9hsC6Yp83yE5r2KTVmtrG6R9i6Pg==",
      "license": "MIT"
    }
  }
}
